
Microsoft Visual Studio Solution File, Format Version 12.00
Project("{FAE04EC0-301F-11D3-BF4B-00C04F79EFBC}") = "WannaEat.Web", "WannaEat.Web\WannaEat.Web.csproj", "{B4013388-AA6F-41F1-93EF-CA05D23B087D}"
EndProject
Project("{FAE04EC0-301F-11D3-BF4B-00C04F79EFBC}") = "WannaEat.Domain", "WannaEat.Domain\WannaEat.Domain.csproj", "{7D86A156-F473-4FD1-9777-E7A45020127D}"
EndProject
Project("{FAE04EC0-301F-11D3-BF4B-00C04F79EFBC}") = "WannaEat.Infrastructure", "WannaEat.Infrastructure\WannaEat.Infrastructure.csproj", "{8564C8C9-9CD1-4532-8234-C2BD80D9C230}"
EndProject
Project("{FAE04EC0-301F-11D3-BF4B-00C04F79EFBC}") = "WannaEat.FoodService.MZR", "WannaEat.FoodService.MZR\WannaEat.FoodService.MZR.csproj", "{6EC35FDA-B79A-47B8-99D9-FCB07B0788AA}"
EndProject
Project("{2150E333-8FDC-42A3-9474-1A3956D46DE8}") = "WannaEat.FoodService", "WannaEat.FoodService", "{17D36D4A-D339-4BA9-819F-891BCED65FC3}"
EndProject
Project("{FAE04EC0-301F-11D3-BF4B-00C04F79EFBC}") = "WannaEat.FoodService.MMenu", "WannaEat.FoodService.MMenu\WannaEat.FoodService.MMenu.csproj", "{456E6563-96D9-47AC-BC92-0CB5B3F733C3}"
EndProject
Global
	GlobalSection(SolutionConfigurationPlatforms) = preSolution
		Debug|Any CPU = Debug|Any CPU
		Release|Any CPU = Release|Any CPU
	EndGlobalSection
	GlobalSection(ProjectConfigurationPlatforms) = postSolution
		{B4013388-AA6F-41F1-93EF-CA05D23B087D}.Debug|Any CPU.ActiveCfg = Debug|Any CPU
		{B4013388-AA6F-41F1-93EF-CA05D23B087D}.Debug|Any CPU.Build.0 = Debug|Any CPU
		{B4013388-AA6F-41F1-93EF-CA05D23B087D}.Release|Any CPU.ActiveCfg = Release|Any CPU
		{B4013388-AA6F-41F1-93EF-CA05D23B087D}.Release|Any CPU.Build.0 = Release|Any CPU
		{7D86A156-F473-4FD1-9777-E7A45020127D}.Debug|Any CPU.ActiveCfg = Debug|Any CPU
		{7D86A156-F473-4FD1-9777-E7A45020127D}.Debug|Any CPU.Build.0 = Debug|Any CPU
		{7D86A156-F473-4FD1-9777-E7A45020127D}.Release|Any CPU.ActiveCfg = Release|Any CPU
		{7D86A156-F473-4FD1-9777-E7A45020127D}.Release|Any CPU.Build.0 = Release|Any CPU
		{8564C8C9-9CD1-4532-8234-C2BD80D9C230}.Debug|Any CPU.ActiveCfg = Debug|Any CPU
		{8564C8C9-9CD1-4532-8234-C2BD80D9C230}.Debug|Any CPU.Build.0 = Debug|Any CPU
		{8564C8C9-9CD1-4532-8234-C2BD80D9C230}.Release|Any CPU.ActiveCfg = Release|Any CPU
		{8564C8C9-9CD1-4532-8234-C2BD80D9C230}.Release|Any CPU.Build.0 = Release|Any CPU
		{6EC35FDA-B79A-47B8-99D9-FCB07B0788AA}.Debug|Any CPU.ActiveCfg = Debug|Any CPU
		{6EC35FDA-B79A-47B8-99D9-FCB07B0788AA}.Debug|Any CPU.Build.0 = Debug|Any CPU
		{6EC35FDA-B79A-47B8-99D9-FCB07B0788AA}.Release|Any CPU.ActiveCfg = Release|Any CPU
		{6EC35FDA-B79A-47B8-99D9-FCB07B0788AA}.Release|Any CPU.Build.0 = Release|Any CPU
		{456E6563-96D9-47AC-BC92-0CB5B3F733C3}.Debug|Any CPU.ActiveCfg = Debug|Any CPU
		{456E6563-96D9-47AC-BC92-0CB5B3F733C3}.Debug|Any CPU.Build.0 = Debug|Any CPU
		{456E6563-96D9-47AC-BC92-0CB5B3F733C3}.Release|Any CPU.ActiveCfg = Release|Any CPU
		{456E6563-96D9-47AC-BC92-0CB5B3F733C3}.Release|Any CPU.Build.0 = Release|Any CPU
	EndGlobalSection
	GlobalSection(NestedProjects) = preSolution
		{6EC35FDA-B79A-47B8-99D9-FCB07B0788AA} = {17D36D4A-D339-4BA9-819F-891BCED65FC3}
		{456E6563-96D9-47AC-BC92-0CB5B3F733C3} = {17D36D4A-D339-4BA9-819F-891BCED65FC3}
	EndGlobalSection
EndGlobal
